// !$*UTF8*$!
{
	archiveVersion = 1;
	classes = {
	};
	objectVersion = 46;
	objects = {

/* Begin PBXBuildFile section */
		A417342F1E5232940010CDDF /* AppDelegate.swift in Sources */ = {isa = PBXBuildFile; fileRef = A417342E1E5232940010CDDF /* AppDelegate.swift */; };
		A41734311E5232940010CDDF /* ViewController.swift in Sources */ = {isa = PBXBuildFile; fileRef = A41734301E5232940010CDDF /* ViewController.swift */; };
		A41734341E5232940010CDDF /* Main.storyboard in Resources */ = {isa = PBXBuildFile; fileRef = A41734321E5232940010CDDF /* Main.storyboard */; };
		A41734371E5232940010CDDF /* Luminous.xcdatamodeld in Sources */ = {isa = PBXBuildFile; fileRef = A41734351E5232940010CDDF /* Luminous.xcdatamodeld */; };
		A41734391E5232940010CDDF /* Assets.xcassets in Resources */ = {isa = PBXBuildFile; fileRef = A41734381E5232940010CDDF /* Assets.xcassets */; };
		A417343C1E5232940010CDDF /* LaunchScreen.storyboard in Resources */ = {isa = PBXBuildFile; fileRef = A417343A1E5232940010CDDF /* LaunchScreen.storyboard */; };
		A41734471E5232940010CDDF /* LuminousTests.swift in Sources */ = {isa = PBXBuildFile; fileRef = A41734461E5232940010CDDF /* LuminousTests.swift */; };
		A41734521E5232940010CDDF /* LuminousUITests.swift in Sources */ = {isa = PBXBuildFile; fileRef = A41734511E5232940010CDDF /* LuminousUITests.swift */; };
		A4380EA91E59096F004072D0 /* SpeciesListViewController.swift in Sources */ = {isa = PBXBuildFile; fileRef = A4380EA81E59096F004072D0 /* SpeciesListViewController.swift */; };
		A4380EAD1E590DA9004072D0 /* SpeciesListViewCell.swift in Sources */ = {isa = PBXBuildFile; fileRef = A4380EAC1E590DA9004072D0 /* SpeciesListViewCell.swift */; };
		A4380EB11E591048004072D0 /* Cyperaceae.csv in Resources */ = {isa = PBXBuildFile; fileRef = A4380EB01E591048004072D0 /* Cyperaceae.csv */; };
		A47141C81E5E596A000D5D5F /* LogInViewController.swift in Sources */ = {isa = PBXBuildFile; fileRef = A47141C71E5E596A000D5D5F /* LogInViewController.swift */; };
/* End PBXBuildFile section */

/* Begin PBXContainerItemProxy section */
		A41734431E5232940010CDDF /* PBXContainerItemProxy */ = {
			isa = PBXContainerItemProxy;
			containerPortal = A41734231E5232940010CDDF /* Project object */;
			proxyType = 1;
			remoteGlobalIDString = A417342A1E5232940010CDDF;
			remoteInfo = Luminous;
		};
		A417344E1E5232940010CDDF /* PBXContainerItemProxy */ = {
			isa = PBXContainerItemProxy;
			containerPortal = A41734231E5232940010CDDF /* Project object */;
			proxyType = 1;
			remoteGlobalIDString = A417342A1E5232940010CDDF;
			remoteInfo = Luminous;
		};
/* End PBXContainerItemProxy section */

/* Begin PBXFileReference section */
		A417342B1E5232940010CDDF /* LuminousID.app */ = {isa = PBXFileReference; explicitFileType = wrapper.application; includeInIndex = 0; path = LuminousID.app; sourceTree = BUILT_PRODUCTS_DIR; };
		A417342E1E5232940010CDDF /* AppDelegate.swift */ = {isa = PBXFileReference; lastKnownFileType = sourcecode.swift; path = AppDelegate.swift; sourceTree = "<group>"; };
		A41734301E5232940010CDDF /* ViewController.swift */ = {isa = PBXFileReference; lastKnownFileType = sourcecode.swift; path = ViewController.swift; sourceTree = "<group>"; };
		A41734331E5232940010CDDF /* Base */ = {isa = PBXFileReference; lastKnownFileType = file.storyboard; name = Base; path = Base.lproj/Main.storyboard; sourceTree = "<group>"; };
		A41734361E5232940010CDDF /* Luminous.xcdatamodel */ = {isa = PBXFileReference; lastKnownFileType = wrapper.xcdatamodel; path = Luminous.xcdatamodel; sourceTree = "<group>"; };
		A41734381E5232940010CDDF /* Assets.xcassets */ = {isa = PBXFileReference; lastKnownFileType = folder.assetcatalog; path = Assets.xcassets; sourceTree = "<group>"; };
		A417343B1E5232940010CDDF /* Base */ = {isa = PBXFileReference; lastKnownFileType = file.storyboard; name = Base; path = Base.lproj/LaunchScreen.storyboard; sourceTree = "<group>"; };
		A417343D1E5232940010CDDF /* Info.plist */ = {isa = PBXFileReference; lastKnownFileType = text.plist.xml; path = Info.plist; sourceTree = "<group>"; };
		A41734421E5232940010CDDF /* LuminousIDTests.xctest */ = {isa = PBXFileReference; explicitFileType = wrapper.cfbundle; includeInIndex = 0; path = LuminousIDTests.xctest; sourceTree = BUILT_PRODUCTS_DIR; };
		A41734461E5232940010CDDF /* LuminousTests.swift */ = {isa = PBXFileReference; lastKnownFileType = sourcecode.swift; path = LuminousTests.swift; sourceTree = "<group>"; };
		A41734481E5232940010CDDF /* Info.plist */ = {isa = PBXFileReference; lastKnownFileType = text.plist.xml; path = Info.plist; sourceTree = "<group>"; };
		A417344D1E5232940010CDDF /* LuminousIDUITests.xctest */ = {isa = PBXFileReference; explicitFileType = wrapper.cfbundle; includeInIndex = 0; path = LuminousIDUITests.xctest; sourceTree = BUILT_PRODUCTS_DIR; };
		A41734511E5232940010CDDF /* LuminousUITests.swift */ = {isa = PBXFileReference; lastKnownFileType = sourcecode.swift; path = LuminousUITests.swift; sourceTree = "<group>"; };
		A41734531E5232940010CDDF /* Info.plist */ = {isa = PBXFileReference; lastKnownFileType = text.plist.xml; path = Info.plist; sourceTree = "<group>"; };
		A4380EA81E59096F004072D0 /* SpeciesListViewController.swift */ = {isa = PBXFileReference; fileEncoding = 4; lastKnownFileType = sourcecode.swift; name = SpeciesListViewController.swift; path = ../SpeciesListViewController.swift; sourceTree = "<group>"; };
		A4380EAC1E590DA9004072D0 /* SpeciesListViewCell.swift */ = {isa = PBXFileReference; fileEncoding = 4; lastKnownFileType = sourcecode.swift; name = SpeciesListViewCell.swift; path = ../SpeciesListViewCell.swift; sourceTree = "<group>"; };
		A4380EB01E591048004072D0 /* Cyperaceae.csv */ = {isa = PBXFileReference; fileEncoding = 4; lastKnownFileType = text; path = Cyperaceae.csv; sourceTree = "<group>"; };
		A47141C71E5E596A000D5D5F /* LogInViewController.swift */ = {isa = PBXFileReference; fileEncoding = 4; lastKnownFileType = sourcecode.swift; name = LogInViewController.swift; path = ../LogInViewController.swift; sourceTree = "<group>"; };
/* End PBXFileReference section */

/* Begin PBXFrameworksBuildPhase section */
		A41734281E5232940010CDDF /* Frameworks */ = {
			isa = PBXFrameworksBuildPhase;
			buildActionMask = 2147483647;
			files = (
			);
			runOnlyForDeploymentPostprocessing = 0;
		};
		A417343F1E5232940010CDDF /* Frameworks */ = {
			isa = PBXFrameworksBuildPhase;
			buildActionMask = 2147483647;
			files = (
			);
			runOnlyForDeploymentPostprocessing = 0;
		};
		A417344A1E5232940010CDDF /* Frameworks */ = {
			isa = PBXFrameworksBuildPhase;
			buildActionMask = 2147483647;
			files = (
			);
			runOnlyForDeploymentPostprocessing = 0;
		};
/* End PBXFrameworksBuildPhase section */

/* Begin PBXGroup section */
		A41734221E5232940010CDDF = {
			isa = PBXGroup;
			children = (
				A417342D1E5232940010CDDF /* LuminousID */,
				A41734451E5232940010CDDF /* LuminousTests */,
				A41734501E5232940010CDDF /* LuminousUITests */,
				A417342C1E5232940010CDDF /* Products */,
			);
			sourceTree = "<group>";
		};
		A417342C1E5232940010CDDF /* Products */ = {
			isa = PBXGroup;
			children = (
				A417342B1E5232940010CDDF /* LuminousID.app */,
				A41734421E5232940010CDDF /* LuminousIDTests.xctest */,
				A417344D1E5232940010CDDF /* LuminousIDUITests.xctest */,
			);
			name = Products;
			sourceTree = "<group>";
		};
		A417342D1E5232940010CDDF /* LuminousID */ = {
			isa = PBXGroup;
			children = (
				A417342E1E5232940010CDDF /* AppDelegate.swift */,
				A41734301E5232940010CDDF /* ViewController.swift */,
				A4380EA81E59096F004072D0 /* SpeciesListViewController.swift */,
				A4380EAC1E590DA9004072D0 /* SpeciesListViewCell.swift */,
				A47141C71E5E596A000D5D5F /* LogInViewController.swift */,
				A41734321E5232940010CDDF /* Main.storyboard */,
				A41734381E5232940010CDDF /* Assets.xcassets */,
				A417343A1E5232940010CDDF /* LaunchScreen.storyboard */,
				A417343D1E5232940010CDDF /* Info.plist */,
				A41734351E5232940010CDDF /* Luminous.xcdatamodeld */,
				A4380EB01E591048004072D0 /* Cyperaceae.csv */,
			);
			path = LuminousID;
			sourceTree = "<group>";
		};
		A41734451E5232940010CDDF /* LuminousTests */ = {
			isa = PBXGroup;
			children = (
				A41734461E5232940010CDDF /* LuminousTests.swift */,
				A41734481E5232940010CDDF /* Info.plist */,
			);
			path = LuminousTests;
			sourceTree = "<group>";
		};
		A41734501E5232940010CDDF /* LuminousUITests */ = {
			isa = PBXGroup;
			children = (
				A41734511E5232940010CDDF /* LuminousUITests.swift */,
				A41734531E5232940010CDDF /* Info.plist */,
			);
			path = LuminousUITests;
			sourceTree = "<group>";
		};
/* End PBXGroup section */

/* Begin PBXNativeTarget section */
		A417342A1E5232940010CDDF /* LuminousID */ = {
			isa = PBXNativeTarget;
			buildConfigurationList = A41734561E5232940010CDDF /* Build configuration list for PBXNativeTarget "LuminousID" */;
			buildPhases = (
				A41734271E5232940010CDDF /* Sources */,
				A41734281E5232940010CDDF /* Frameworks */,
				A41734291E5232940010CDDF /* Resources */,
			);
			buildRules = (
			);
			dependencies = (
			);
			name = LuminousID;
			productName = Luminous;
			productReference = A417342B1E5232940010CDDF /* LuminousID.app */;
			productType = "com.apple.product-type.application";
		};
		A41734411E5232940010CDDF /* LuminousIDTests */ = {
			isa = PBXNativeTarget;
			buildConfigurationList = A41734591E5232940010CDDF /* Build configuration list for PBXNativeTarget "LuminousIDTests" */;
			buildPhases = (
				A417343E1E5232940010CDDF /* Sources */,
				A417343F1E5232940010CDDF /* Frameworks */,
				A41734401E5232940010CDDF /* Resources */,
			);
			buildRules = (
			);
			dependencies = (
				A41734441E5232940010CDDF /* PBXTargetDependency */,
			);
			name = LuminousIDTests;
			productName = LuminousTests;
			productReference = A41734421E5232940010CDDF /* LuminousIDTests.xctest */;
			productType = "com.apple.product-type.bundle.unit-test";
		};
		A417344C1E5232940010CDDF /* LuminousIDUITests */ = {
			isa = PBXNativeTarget;
			buildConfigurationList = A417345C1E5232940010CDDF /* Build configuration list for PBXNativeTarget "LuminousIDUITests" */;
			buildPhases = (
				A41734491E5232940010CDDF /* Sources */,
				A417344A1E5232940010CDDF /* Frameworks */,
				A417344B1E5232940010CDDF /* Resources */,
			);
			buildRules = (
			);
			dependencies = (
				A417344F1E5232940010CDDF /* PBXTargetDependency */,
			);
			name = LuminousIDUITests;
			productName = LuminousUITests;
			productReference = A417344D1E5232940010CDDF /* LuminousIDUITests.xctest */;
			productType = "com.apple.product-type.bundle.ui-testing";
		};
/* End PBXNativeTarget section */

/* Begin PBXProject section */
		A41734231E5232940010CDDF /* Project object */ = {
			isa = PBXProject;
			attributes = {
				LastSwiftUpdateCheck = 0820;
				LastUpgradeCheck = 0820;
				ORGANIZATIONNAME = "Garden Club";
				TargetAttributes = {
					A417342A1E5232940010CDDF = {
						CreatedOnToolsVersion = 8.2.1;
						ProvisioningStyle = Automatic;
					};
					A41734411E5232940010CDDF = {
						CreatedOnToolsVersion = 8.2.1;
						ProvisioningStyle = Automatic;
						TestTargetID = A417342A1E5232940010CDDF;
					};
					A417344C1E5232940010CDDF = {
						CreatedOnToolsVersion = 8.2.1;
						ProvisioningStyle = Automatic;
						TestTargetID = A417342A1E5232940010CDDF;
					};
				};
			};
			buildConfigurationList = A41734261E5232940010CDDF /* Build configuration list for PBXProject "LuminousID" */;
			compatibilityVersion = "Xcode 3.2";
			developmentRegion = English;
			hasScannedForEncodings = 0;
			knownRegions = (
				en,
				Base,
			);
			mainGroup = A41734221E5232940010CDDF;
			productRefGroup = A417342C1E5232940010CDDF /* Products */;
			projectDirPath = "";
			projectRoot = "";
			targets = (
				A417342A1E5232940010CDDF /* LuminousID */,
				A41734411E5232940010CDDF /* LuminousIDTests */,
				A417344C1E5232940010CDDF /* LuminousIDUITests */,
			);
		};
/* End PBXProject section */

/* Begin PBXResourcesBuildPhase section */
		A41734291E5232940010CDDF /* Resources */ = {
			isa = PBXResourcesBuildPhase;
			buildActionMask = 2147483647;
			files = (
				A417343C1E5232940010CDDF /* LaunchScreen.storyboard in Resources */,
				A41734391E5232940010CDDF /* Assets.xcassets in Resources */,
				A4380EB11E591048004072D0 /* Cyperaceae.csv in Resources */,
				A41734341E5232940010CDDF /* Main.storyboard in Resources */,
			);
			runOnlyForDeploymentPostprocessing = 0;
		};
		A41734401E5232940010CDDF /* Resources */ = {
			isa = PBXResourcesBuildPhase;
			buildActionMask = 2147483647;
			files = (
			);
			runOnlyForDeploymentPostprocessing = 0;
		};
		A417344B1E5232940010CDDF /* Resources */ = {
			isa = PBXResourcesBuildPhase;
			buildActionMask = 2147483647;
			files = (
			);
			runOnlyForDeploymentPostprocessing = 0;
		};
/* End PBXResourcesBuildPhase section */

/* Begin PBXSourcesBuildPhase section */
		A41734271E5232940010CDDF /* Sources */ = {
			isa = PBXSourcesBuildPhase;
			buildActionMask = 2147483647;
			files = (
				A41734311E5232940010CDDF /* ViewController.swift in Sources */,
				A4380EAD1E590DA9004072D0 /* SpeciesListViewCell.swift in Sources */,
				A47141C81E5E596A000D5D5F /* LogInViewController.swift in Sources */,
				A4380EA91E59096F004072D0 /* SpeciesListViewController.swift in Sources */,
				A417342F1E5232940010CDDF /* AppDelegate.swift in Sources */,
				A41734371E5232940010CDDF /* Luminous.xcdatamodeld in Sources */,
			);
			runOnlyForDeploymentPostprocessing = 0;
		};
		A417343E1E5232940010CDDF /* Sources */ = {
			isa = PBXSourcesBuildPhase;
			buildActionMask = 2147483647;
			files = (
				A41734471E5232940010CDDF /* LuminousTests.swift in Sources */,
			);
			runOnlyForDeploymentPostprocessing = 0;
		};
		A41734491E5232940010CDDF /* Sources */ = {
			isa = PBXSourcesBuildPhase;
			buildActionMask = 2147483647;
			files = (
				A41734521E5232940010CDDF /* LuminousUITests.swift in Sources */,
			);
			runOnlyForDeploymentPostprocessing = 0;
		};
/* End PBXSourcesBuildPhase section */

/* Begin PBXTargetDependency section */
		A41734441E5232940010CDDF /* PBXTargetDependency */ = {
			isa = PBXTargetDependency;
			target = A417342A1E5232940010CDDF /* LuminousID */;
			targetProxy = A41734431E5232940010CDDF /* PBXContainerItemProxy */;
		};
		A417344F1E5232940010CDDF /* PBXTargetDependency */ = {
			isa = PBXTargetDependency;
			target = A417342A1E5232940010CDDF /* LuminousID */;
			targetProxy = A417344E1E5232940010CDDF /* PBXContainerItemProxy */;
		};
/* End PBXTargetDependency section */

/* Begin PBXVariantGroup section */
		A41734321E5232940010CDDF /* Main.storyboard */ = {
			isa = PBXVariantGroup;
			children = (
				A41734331E5232940010CDDF /* Base */,
			);
			name = Main.storyboard;
			sourceTree = "<group>";
		};
		A417343A1E5232940010CDDF /* LaunchScreen.storyboard */ = {
			isa = PBXVariantGroup;
			children = (
				A417343B1E5232940010CDDF /* Base */,
			);
			name = LaunchScreen.storyboard;
			sourceTree = "<group>";
		};
/* End PBXVariantGroup section */

/* Begin XCBuildConfiguration section */
		A41734541E5232940010CDDF /* Debug */ = {
			isa = XCBuildConfiguration;
			buildSettings = {
				ALWAYS_SEARCH_USER_PATHS = NO;
				CLANG_ANALYZER_NONNULL = YES;
				CLANG_CXX_LANGUAGE_STANDARD = "gnu++0x";
				CLANG_CXX_LIBRARY = "libc++";
				CLANG_ENABLE_MODULES = YES;
				CLANG_ENABLE_OBJC_ARC = YES;
				CLANG_WARN_BOOL_CONVERSION = YES;
				CLANG_WARN_CONSTANT_CONVERSION = YES;
				CLANG_WARN_DIRECT_OBJC_ISA_USAGE = YES_ERROR;
				CLANG_WARN_DOCUMENTATION_COMMENTS = YES;
				CLANG_WARN_EMPTY_BODY = YES;
				CLANG_WARN_ENUM_CONVERSION = YES;
				CLANG_WARN_INFINITE_RECURSION = YES;
				CLANG_WARN_INT_CONVERSION = YES;
				CLANG_WARN_OBJC_ROOT_CLASS = YES_ERROR;
				CLANG_WARN_SUSPICIOUS_MOVE = YES;
				CLANG_WARN_UNREACHABLE_CODE = YES;
				CLANG_WARN__DUPLICATE_METHOD_MATCH = YES;
				"CODE_SIGN_IDENTITY[sdk=iphoneos*]" = "iPhone Developer";
				COPY_PHASE_STRIP = NO;
				DEBUG_INFORMATION_FORMAT = dwarf;
				ENABLE_STRICT_OBJC_MSGSEND = YES;
				ENABLE_TESTABILITY = YES;
				GCC_C_LANGUAGE_STANDARD = gnu99;
				GCC_DYNAMIC_NO_PIC = NO;
				GCC_NO_COMMON_BLOCKS = YES;
				GCC_OPTIMIZATION_LEVEL = 0;
				GCC_PREPROCESSOR_DEFINITIONS = (
					"DEBUG=1",
					"$(inherited)",
				);
				GCC_WARN_64_TO_32_BIT_CONVERSION = YES;
				GCC_WARN_ABOUT_RETURN_TYPE = YES_ERROR;
				GCC_WARN_UNDECLARED_SELECTOR = YES;
				GCC_WARN_UNINITIALIZED_AUTOS = YES_AGGRESSIVE;
				GCC_WARN_UNUSED_FUNCTION = YES;
				GCC_WARN_UNUSED_VARIABLE = YES;
				IPHONEOS_DEPLOYMENT_TARGET = 10.2;
				MTL_ENABLE_DEBUG_INFO = YES;
				ONLY_ACTIVE_ARCH = YES;
				SDKROOT = iphoneos;
				SWIFT_ACTIVE_COMPILATION_CONDITIONS = DEBUG;
				SWIFT_OPTIMIZATION_LEVEL = "-Onone";
			};
			name = Debug;
		};
		A41734551E5232940010CDDF /* Release */ = {
			isa = XCBuildConfiguration;
			buildSettings = {
				ALWAYS_SEARCH_USER_PATHS = NO;
				CLANG_ANALYZER_NONNULL = YES;
				CLANG_CXX_LANGUAGE_STANDARD = "gnu++0x";
				CLANG_CXX_LIBRARY = "libc++";
				CLANG_ENABLE_MODULES = YES;
				CLANG_ENABLE_OBJC_ARC = YES;
				CLANG_WARN_BOOL_CONVERSION = YES;
				CLANG_WARN_CONSTANT_CONVERSION = YES;
				CLANG_WARN_DIRECT_OBJC_ISA_USAGE = YES_ERROR;
				CLANG_WARN_DOCUMENTATION_COMMENTS = YES;
				CLANG_WARN_EMPTY_BODY = YES;
				CLANG_WARN_ENUM_CONVERSION = YES;
				CLANG_WARN_INFINITE_RECURSION = YES;
				CLANG_WARN_INT_CONVERSION = YES;
				CLANG_WARN_OBJC_ROOT_CLASS = YES_ERROR;
				CLANG_WARN_SUSPICIOUS_MOVE = YES;
				CLANG_WARN_UNREACHABLE_CODE = YES;
				CLANG_WARN__DUPLICATE_METHOD_MATCH = YES;
				"CODE_SIGN_IDENTITY[sdk=iphoneos*]" = "iPhone Developer";
				COPY_PHASE_STRIP = NO;
				DEBUG_INFORMATION_FORMAT = "dwarf-with-dsym";
				ENABLE_NS_ASSERTIONS = NO;
				ENABLE_STRICT_OBJC_MSGSEND = YES;
				GCC_C_LANGUAGE_STANDARD = gnu99;
				GCC_NO_COMMON_BLOCKS = YES;
				GCC_WARN_64_TO_32_BIT_CONVERSION = YES;
				GCC_WARN_ABOUT_RETURN_TYPE = YES_ERROR;
				GCC_WARN_UNDECLARED_SELECTOR = YES;
				GCC_WARN_UNINITIALIZED_AUTOS = YES_AGGRESSIVE;
				GCC_WARN_UNUSED_FUNCTION = YES;
				GCC_WARN_UNUSED_VARIABLE = YES;
				IPHONEOS_DEPLOYMENT_TARGET = 10.2;
				MTL_ENABLE_DEBUG_INFO = NO;
				SDKROOT = iphoneos;
				SWIFT_OPTIMIZATION_LEVEL = "-Owholemodule";
				VALIDATE_PRODUCT = YES;
			};
			name = Release;
		};
		A41734571E5232940010CDDF /* Debug */ = {
			isa = XCBuildConfiguration;
			buildSettings = {
				ASSETCATALOG_COMPILER_APPICON_NAME = AppIcon;
				INFOPLIST_FILE = LuminousID/Info.plist;
				LD_RUNPATH_SEARCH_PATHS = "$(inherited) @executable_path/Frameworks";
				PRODUCT_BUNDLE_IDENTIFIER = "Garden-Club.LuminousID";
				PRODUCT_NAME = "$(TARGET_NAME)";
				SWIFT_VERSION = 3.0;
			};
			name = Debug;
		};
		A41734581E5232940010CDDF /* Release */ = {
			isa = XCBuildConfiguration;
			buildSettings = {
				ASSETCATALOG_COMPILER_APPICON_NAME = AppIcon;
				INFOPLIST_FILE = LuminousID/Info.plist;
				LD_RUNPATH_SEARCH_PATHS = "$(inherited) @executable_path/Frameworks";
				PRODUCT_BUNDLE_IDENTIFIER = "Garden-Club.LuminousID";
				PRODUCT_NAME = "$(TARGET_NAME)";
				SWIFT_VERSION = 3.0;
			};
			name = Release;
		};
		A417345A1E5232940010CDDF /* Debug */ = {
			isa = XCBuildConfiguration;
			buildSettings = {
				ALWAYS_EMBED_SWIFT_STANDARD_LIBRARIES = YES;
				BUNDLE_LOADER = "$(TEST_HOST)";
				INFOPLIST_FILE = LuminousTests/Info.plist;
				LD_RUNPATH_SEARCH_PATHS = "$(inherited) @executable_path/Frameworks @loader_path/Frameworks";
				PRODUCT_BUNDLE_IDENTIFIER = "Garden-Club.LuminousTests";
				PRODUCT_NAME = "$(TARGET_NAME)";
				SWIFT_VERSION = 3.0;
				TEST_HOST = "$(BUILT_PRODUCTS_DIR)/LuminousID.app/LuminousID";
			};
			name = Debug;
		};
		A417345B1E5232940010CDDF /* Release */ = {
			isa = XCBuildConfiguration;
			buildSettings = {
				ALWAYS_EMBED_SWIFT_STANDARD_LIBRARIES = YES;
				BUNDLE_LOADER = "$(TEST_HOST)";
				INFOPLIST_FILE = LuminousTests/Info.plist;
				LD_RUNPATH_SEARCH_PATHS = "$(inherited) @executable_path/Frameworks @loader_path/Frameworks";
				PRODUCT_BUNDLE_IDENTIFIER = "Garden-Club.LuminousTests";
				PRODUCT_NAME = "$(TARGET_NAME)";
				SWIFT_VERSION = 3.0;
				TEST_HOST = "$(BUILT_PRODUCTS_DIR)/LuminousID.app/LuminousID";
			};
			name = Release;
		};
		A417345D1E5232940010CDDF /* Debug */ = {
			isa = XCBuildConfiguration;
			buildSettings = {
				ALWAYS_EMBED_SWIFT_STANDARD_LIBRARIES = YES;
				INFOPLIST_FILE = LuminousUITests/Info.plist;
				LD_RUNPATH_SEARCH_PATHS = "$(inherited) @executable_path/Frameworks @loader_path/Frameworks";
				PRODUCT_BUNDLE_IDENTIFIER = "Garden-Club.LuminousUITests";
				PRODUCT_NAME = "$(TARGET_NAME)";
				SWIFT_VERSION = 3.0;
				TEST_TARGET_NAME = Luminous;
			};
			name = Debug;
		};
		A417345E1E5232940010CDDF /* Release */ = {
			isa = XCBuildConfiguration;
			buildSettings = {
				ALWAYS_EMBED_SWIFT_STANDARD_LIBRARIES = YES;
				INFOPLIST_FILE = LuminousUITests/Info.plist;
				LD_RUNPATH_SEARCH_PATHS = "$(inherited) @executable_path/Frameworks @loader_path/Frameworks";
				PRODUCT_BUNDLE_IDENTIFIER = "Garden-Club.LuminousUITests";
				PRODUCT_NAME = "$(TARGET_NAME)";
				SWIFT_VERSION = 3.0;
				TEST_TARGET_NAME = Luminous;
			};
			name = Release;
		};
/* End XCBuildConfiguration section */

/* Begin XCConfigurationList section */
		A41734261E5232940010CDDF /* Build configuration list for PBXProject "LuminousID" */ = {
			isa = XCConfigurationList;
			buildConfigurations = (
				A41734541E5232940010CDDF /* Debug */,
				A41734551E5232940010CDDF /* Release */,
			);
			defaultConfigurationIsVisible = 0;
			defaultConfigurationName = Release;
		};
		A41734561E5232940010CDDF /* Build configuration list for PBXNativeTarget "LuminousID" */ = {
			isa = XCConfigurationList;
			buildConfigurations = (
				A41734571E5232940010CDDF /* Debug */,
				A41734581E5232940010CDDF /* Release */,
			);
			defaultConfigurationIsVisible = 0;
			defaultConfigurationName = Release;
		};
		A41734591E5232940010CDDF /* Build configuration list for PBXNativeTarget "LuminousIDTests" */ = {
			isa = XCConfigurationList;
			buildConfigurations = (
				A417345A1E5232940010CDDF /* Debug */,
				A417345B1E5232940010CDDF /* Release */,
			);
			defaultConfigurationIsVisible = 0;
			defaultConfigurationName = Release;
		};
		A417345C1E5232940010CDDF /* Build configuration list for PBXNativeTarget "LuminousIDUITests" */ = {
			isa = XCConfigurationList;
			buildConfigurations = (
				A417345D1E5232940010CDDF /* Debug */,
				A417345E1E5232940010CDDF /* Release */,
			);
			defaultConfigurationIsVisible = 0;
			defaultConfigurationName = Release;
		};
/* End XCConfigurationList section */

/* Begin XCVersionGroup section */
		A41734351E5232940010CDDF /* Luminous.xcdatamodeld */ = {
			isa = XCVersionGroup;
			children = (
				A41734361E5232940010CDDF /* Luminous.xcdatamodel */,
			);
			currentVersion = A41734361E5232940010CDDF /* Luminous.xcdatamodel */;
			path = Luminous.xcdatamodeld;
			sourceTree = "<group>";
			versionGroupType = wrapper.xcdatamodel;
		};
/* End XCVersionGroup section */
	};
	rootObject = A41734231E5232940010CDDF /* Project object */;
}
