// !$*UTF8*$!
{
	archiveVersion = 1;
	classes = {
	};
	objectVersion = 46;
	objects = {

/* Begin PBXBuildFile section */
		009D62E801D46D3BE80979BB /* Pods_LuminousIDUITests.framework in Frameworks */ = {isa = PBXBuildFile; fileRef = 7664974A8EB952D828C2AC51 /* Pods_LuminousIDUITests.framework */; };
		71713055E46188FFCA42DA3B /* Pods_LuminousIDTests.framework in Frameworks */ = {isa = PBXBuildFile; fileRef = C5A44B9D3CFAD03AF9E02B66 /* Pods_LuminousIDTests.framework */; };
		823C0E98626025C3F05D8B95 /* Pods_LuminousID.framework in Frameworks */ = {isa = PBXBuildFile; fileRef = 4B22DE81D532830EE0DC6C52 /* Pods_LuminousID.framework */; };
		A407C84D1E626069001CA327 /* MainMenuViewController.swift in Sources */ = {isa = PBXBuildFile; fileRef = A407C84C1E626069001CA327 /* MainMenuViewController.swift */; };
		A427FB4A1E34089000011350 /* AppDelegate.swift in Sources */ = {isa = PBXBuildFile; fileRef = A427FB491E34089000011350 /* AppDelegate.swift */; };
		A427FB4C1E34089000011350 /* ViewController.swift in Sources */ = {isa = PBXBuildFile; fileRef = A427FB4B1E34089000011350 /* ViewController.swift */; };
		A427FB4F1E34089000011350 /* Main.storyboard in Resources */ = {isa = PBXBuildFile; fileRef = A427FB4D1E34089000011350 /* Main.storyboard */; };
		A427FB511E34089000011350 /* Assets.xcassets in Resources */ = {isa = PBXBuildFile; fileRef = A427FB501E34089000011350 /* Assets.xcassets */; };
		A427FB541E34089000011350 /* LaunchScreen.storyboard in Resources */ = {isa = PBXBuildFile; fileRef = A427FB521E34089000011350 /* LaunchScreen.storyboard */; };
		A427FB5F1E34089000011350 /* LuminousIDTests.swift in Sources */ = {isa = PBXBuildFile; fileRef = A427FB5E1E34089000011350 /* LuminousIDTests.swift */; };
		A427FB6A1E34089000011350 /* LuminousIDUITests.swift in Sources */ = {isa = PBXBuildFile; fileRef = A427FB691E34089000011350 /* LuminousIDUITests.swift */; };
		A45861CA1E61077800DAE2FC /* CreateUserViewController.swift in Sources */ = {isa = PBXBuildFile; fileRef = A45861C91E61077800DAE2FC /* CreateUserViewController.swift */; };
		A49CAD0D1E64B7AC006CC4DE /* ForbsTableViewController.swift in Sources */ = {isa = PBXBuildFile; fileRef = A49CAD0C1E64B7AC006CC4DE /* ForbsTableViewController.swift */; };
		A49CAD0F1E64EABE006CC4DE /* GraminoidsViewController.swift in Sources */ = {isa = PBXBuildFile; fileRef = A49CAD0E1E64EABE006CC4DE /* GraminoidsViewController.swift */; };
		A49CAD131E64F358006CC4DE /* JuncaceaeViewController.swift in Sources */ = {isa = PBXBuildFile; fileRef = A49CAD121E64F358006CC4DE /* JuncaceaeViewController.swift */; };
		A49CAD151E6501AF006CC4DE /* PoaceaeViewController.swift in Sources */ = {isa = PBXBuildFile; fileRef = A49CAD141E6501AF006CC4DE /* PoaceaeViewController.swift */; };
		A4B2DF451E60F4B9002F14D5 /* GoogleService-Info.plist in Resources */ = {isa = PBXBuildFile; fileRef = A4B2DF441E60F4B9002F14D5 /* GoogleService-Info.plist */; };
		A4C3C1FA1E610CFE003FC85A /* LogInViewController.swift in Sources */ = {isa = PBXBuildFile; fileRef = A4C3C1F91E610CFE003FC85A /* LogInViewController.swift */; };
		A4E745161E6504F30051058B /* CyperaceaeViewController.swift in Sources */ = {isa = PBXBuildFile; fileRef = A4E745151E6504F30051058B /* CyperaceaeViewController.swift */; };
/* End PBXBuildFile section */

/* Begin PBXContainerItemProxy section */
		A427FB5B1E34089000011350 /* PBXContainerItemProxy */ = {
			isa = PBXContainerItemProxy;
			containerPortal = A427FB3E1E34089000011350 /* Project object */;
			proxyType = 1;
			remoteGlobalIDString = A427FB451E34089000011350;
			remoteInfo = LuminousID;
		};
		A427FB661E34089000011350 /* PBXContainerItemProxy */ = {
			isa = PBXContainerItemProxy;
			containerPortal = A427FB3E1E34089000011350 /* Project object */;
			proxyType = 1;
			remoteGlobalIDString = A427FB451E34089000011350;
			remoteInfo = LuminousID;
		};
/* End PBXContainerItemProxy section */

/* Begin PBXFileReference section */
		0CF5977283A11F0BB40F9564 /* Pods-LuminousID.release.xcconfig */ = {isa = PBXFileReference; includeInIndex = 1; lastKnownFileType = text.xcconfig; name = "Pods-LuminousID.release.xcconfig"; path = "Pods/Target Support Files/Pods-LuminousID/Pods-LuminousID.release.xcconfig"; sourceTree = "<group>"; };
		3481CF858ABF093FFB527842 /* Pods-LuminousIDUITests.debug.xcconfig */ = {isa = PBXFileReference; includeInIndex = 1; lastKnownFileType = text.xcconfig; name = "Pods-LuminousIDUITests.debug.xcconfig"; path = "Pods/Target Support Files/Pods-LuminousIDUITests/Pods-LuminousIDUITests.debug.xcconfig"; sourceTree = "<group>"; };
		4B22DE81D532830EE0DC6C52 /* Pods_LuminousID.framework */ = {isa = PBXFileReference; explicitFileType = wrapper.framework; includeInIndex = 0; path = Pods_LuminousID.framework; sourceTree = BUILT_PRODUCTS_DIR; };
		7664974A8EB952D828C2AC51 /* Pods_LuminousIDUITests.framework */ = {isa = PBXFileReference; explicitFileType = wrapper.framework; includeInIndex = 0; path = Pods_LuminousIDUITests.framework; sourceTree = BUILT_PRODUCTS_DIR; };
		A0DAA00A9A5517336F67B021 /* Pods-LuminousIDUITests.release.xcconfig */ = {isa = PBXFileReference; includeInIndex = 1; lastKnownFileType = text.xcconfig; name = "Pods-LuminousIDUITests.release.xcconfig"; path = "Pods/Target Support Files/Pods-LuminousIDUITests/Pods-LuminousIDUITests.release.xcconfig"; sourceTree = "<group>"; };
		A407C84C1E626069001CA327 /* MainMenuViewController.swift */ = {isa = PBXFileReference; fileEncoding = 4; lastKnownFileType = sourcecode.swift; path = MainMenuViewController.swift; sourceTree = "<group>"; };
		A427FB461E34089000011350 /* LuminousID.app */ = {isa = PBXFileReference; explicitFileType = wrapper.application; includeInIndex = 0; path = LuminousID.app; sourceTree = BUILT_PRODUCTS_DIR; };
		A427FB491E34089000011350 /* AppDelegate.swift */ = {isa = PBXFileReference; lastKnownFileType = sourcecode.swift; path = AppDelegate.swift; sourceTree = "<group>"; };
		A427FB4B1E34089000011350 /* ViewController.swift */ = {isa = PBXFileReference; lastKnownFileType = sourcecode.swift; path = ViewController.swift; sourceTree = "<group>"; };
		A427FB4E1E34089000011350 /* Base */ = {isa = PBXFileReference; lastKnownFileType = file.storyboard; name = Base; path = Base.lproj/Main.storyboard; sourceTree = "<group>"; };
		A427FB501E34089000011350 /* Assets.xcassets */ = {isa = PBXFileReference; lastKnownFileType = folder.assetcatalog; path = Assets.xcassets; sourceTree = "<group>"; };
		A427FB531E34089000011350 /* Base */ = {isa = PBXFileReference; lastKnownFileType = file.storyboard; name = Base; path = Base.lproj/LaunchScreen.storyboard; sourceTree = "<group>"; };
		A427FB551E34089000011350 /* Info.plist */ = {isa = PBXFileReference; lastKnownFileType = text.plist.xml; path = Info.plist; sourceTree = "<group>"; };
		A427FB5A1E34089000011350 /* LuminousIDTests.xctest */ = {isa = PBXFileReference; explicitFileType = wrapper.cfbundle; includeInIndex = 0; path = LuminousIDTests.xctest; sourceTree = BUILT_PRODUCTS_DIR; };
		A427FB5E1E34089000011350 /* LuminousIDTests.swift */ = {isa = PBXFileReference; lastKnownFileType = sourcecode.swift; path = LuminousIDTests.swift; sourceTree = "<group>"; };
		A427FB601E34089000011350 /* Info.plist */ = {isa = PBXFileReference; lastKnownFileType = text.plist.xml; path = Info.plist; sourceTree = "<group>"; };
		A427FB651E34089000011350 /* LuminousIDUITests.xctest */ = {isa = PBXFileReference; explicitFileType = wrapper.cfbundle; includeInIndex = 0; path = LuminousIDUITests.xctest; sourceTree = BUILT_PRODUCTS_DIR; };
		A427FB691E34089000011350 /* LuminousIDUITests.swift */ = {isa = PBXFileReference; lastKnownFileType = sourcecode.swift; path = LuminousIDUITests.swift; sourceTree = "<group>"; };
		A427FB6B1E34089000011350 /* Info.plist */ = {isa = PBXFileReference; lastKnownFileType = text.plist.xml; path = Info.plist; sourceTree = "<group>"; };
		A45861C91E61077800DAE2FC /* CreateUserViewController.swift */ = {isa = PBXFileReference; fileEncoding = 4; lastKnownFileType = sourcecode.swift; path = CreateUserViewController.swift; sourceTree = "<group>"; };
		A49CAD0C1E64B7AC006CC4DE /* ForbsTableViewController.swift */ = {isa = PBXFileReference; fileEncoding = 4; lastKnownFileType = sourcecode.swift; path = ForbsTableViewController.swift; sourceTree = "<group>"; };
		A49CAD0E1E64EABE006CC4DE /* GraminoidsViewController.swift */ = {isa = PBXFileReference; fileEncoding = 4; lastKnownFileType = sourcecode.swift; path = GraminoidsViewController.swift; sourceTree = "<group>"; };
		A49CAD121E64F358006CC4DE /* JuncaceaeViewController.swift */ = {isa = PBXFileReference; fileEncoding = 4; lastKnownFileType = sourcecode.swift; path = JuncaceaeViewController.swift; sourceTree = "<group>"; };
		A49CAD141E6501AF006CC4DE /* PoaceaeViewController.swift */ = {isa = PBXFileReference; fileEncoding = 4; lastKnownFileType = sourcecode.swift; path = PoaceaeViewController.swift; sourceTree = "<group>"; };
		A4B2DF441E60F4B9002F14D5 /* GoogleService-Info.plist */ = {isa = PBXFileReference; fileEncoding = 4; lastKnownFileType = text.plist.xml; path = "GoogleService-Info.plist"; sourceTree = "<group>"; };
		A4C3C1F91E610CFE003FC85A /* LogInViewController.swift */ = {isa = PBXFileReference; fileEncoding = 4; lastKnownFileType = sourcecode.swift; path = LogInViewController.swift; sourceTree = "<group>"; };
		A4E745151E6504F30051058B /* CyperaceaeViewController.swift */ = {isa = PBXFileReference; fileEncoding = 4; lastKnownFileType = sourcecode.swift; path = CyperaceaeViewController.swift; sourceTree = "<group>"; };
		B92C76FA9419BD828960B4F3 /* Pods-LuminousID.debug.xcconfig */ = {isa = PBXFileReference; includeInIndex = 1; lastKnownFileType = text.xcconfig; name = "Pods-LuminousID.debug.xcconfig"; path = "Pods/Target Support Files/Pods-LuminousID/Pods-LuminousID.debug.xcconfig"; sourceTree = "<group>"; };
		C5A44B9D3CFAD03AF9E02B66 /* Pods_LuminousIDTests.framework */ = {isa = PBXFileReference; explicitFileType = wrapper.framework; includeInIndex = 0; path = Pods_LuminousIDTests.framework; sourceTree = BUILT_PRODUCTS_DIR; };
		D249D51B5FE838DBBCE6C76F /* Pods-LuminousIDTests.debug.xcconfig */ = {isa = PBXFileReference; includeInIndex = 1; lastKnownFileType = text.xcconfig; name = "Pods-LuminousIDTests.debug.xcconfig"; path = "Pods/Target Support Files/Pods-LuminousIDTests/Pods-LuminousIDTests.debug.xcconfig"; sourceTree = "<group>"; };
		FA26C3563AFD30D6ED3B8704 /* Pods-LuminousIDTests.release.xcconfig */ = {isa = PBXFileReference; includeInIndex = 1; lastKnownFileType = text.xcconfig; name = "Pods-LuminousIDTests.release.xcconfig"; path = "Pods/Target Support Files/Pods-LuminousIDTests/Pods-LuminousIDTests.release.xcconfig"; sourceTree = "<group>"; };
/* End PBXFileReference section */

/* Begin PBXFrameworksBuildPhase section */
		A427FB431E34089000011350 /* Frameworks */ = {
			isa = PBXFrameworksBuildPhase;
			buildActionMask = 2147483647;
			files = (
				823C0E98626025C3F05D8B95 /* Pods_LuminousID.framework in Frameworks */,
			);
			runOnlyForDeploymentPostprocessing = 0;
		};
		A427FB571E34089000011350 /* Frameworks */ = {
			isa = PBXFrameworksBuildPhase;
			buildActionMask = 2147483647;
			files = (
				71713055E46188FFCA42DA3B /* Pods_LuminousIDTests.framework in Frameworks */,
			);
			runOnlyForDeploymentPostprocessing = 0;
		};
		A427FB621E34089000011350 /* Frameworks */ = {
			isa = PBXFrameworksBuildPhase;
			buildActionMask = 2147483647;
			files = (
				009D62E801D46D3BE80979BB /* Pods_LuminousIDUITests.framework in Frameworks */,
			);
			runOnlyForDeploymentPostprocessing = 0;
		};
/* End PBXFrameworksBuildPhase section */

/* Begin PBXGroup section */
		53158001F635369E40496F1B /* Pods */ = {
			isa = PBXGroup;
			children = (
				B92C76FA9419BD828960B4F3 /* Pods-LuminousID.debug.xcconfig */,
				0CF5977283A11F0BB40F9564 /* Pods-LuminousID.release.xcconfig */,
				D249D51B5FE838DBBCE6C76F /* Pods-LuminousIDTests.debug.xcconfig */,
				FA26C3563AFD30D6ED3B8704 /* Pods-LuminousIDTests.release.xcconfig */,
				3481CF858ABF093FFB527842 /* Pods-LuminousIDUITests.debug.xcconfig */,
				A0DAA00A9A5517336F67B021 /* Pods-LuminousIDUITests.release.xcconfig */,
			);
			name = Pods;
			sourceTree = "<group>";
		};
		A427FB3D1E34089000011350 = {
			isa = PBXGroup;
			children = (
				A427FB481E34089000011350 /* LuminousID */,
				A427FB5D1E34089000011350 /* LuminousIDTests */,
				A427FB681E34089000011350 /* LuminousIDUITests */,
				A427FB471E34089000011350 /* Products */,
				53158001F635369E40496F1B /* Pods */,
				D88DE940E6806A616A011B35 /* Frameworks */,
			);
			sourceTree = "<group>";
		};
		A427FB471E34089000011350 /* Products */ = {
			isa = PBXGroup;
			children = (
				A427FB461E34089000011350 /* LuminousID.app */,
				A427FB5A1E34089000011350 /* LuminousIDTests.xctest */,
				A427FB651E34089000011350 /* LuminousIDUITests.xctest */,
			);
			name = Products;
			sourceTree = "<group>";
		};
		A427FB481E34089000011350 /* LuminousID */ = {
			isa = PBXGroup;
			children = (
				A427FB491E34089000011350 /* AppDelegate.swift */,
				A427FB4B1E34089000011350 /* ViewController.swift */,
				A427FB4D1E34089000011350 /* Main.storyboard */,
				A427FB501E34089000011350 /* Assets.xcassets */,
				A427FB521E34089000011350 /* LaunchScreen.storyboard */,
				A4B2DF441E60F4B9002F14D5 /* GoogleService-Info.plist */,
				A427FB551E34089000011350 /* Info.plist */,
				A45861C91E61077800DAE2FC /* CreateUserViewController.swift */,
				A4C3C1F91E610CFE003FC85A /* LogInViewController.swift */,
				A407C84C1E626069001CA327 /* MainMenuViewController.swift */,
				A49CAD0C1E64B7AC006CC4DE /* ForbsTableViewController.swift */,
				A49CAD0E1E64EABE006CC4DE /* GraminoidsViewController.swift */,
				A49CAD121E64F358006CC4DE /* JuncaceaeViewController.swift */,
				A49CAD141E6501AF006CC4DE /* PoaceaeViewController.swift */,
				A4E745151E6504F30051058B /* CyperaceaeViewController.swift */,
			);
			path = LuminousID;
			sourceTree = "<group>";
		};
		A427FB5D1E34089000011350 /* LuminousIDTests */ = {
			isa = PBXGroup;
			children = (
				A427FB5E1E34089000011350 /* LuminousIDTests.swift */,
				A427FB601E34089000011350 /* Info.plist */,
			);
			path = LuminousIDTests;
			sourceTree = "<group>";
		};
		A427FB681E34089000011350 /* LuminousIDUITests */ = {
			isa = PBXGroup;
			children = (
				A427FB691E34089000011350 /* LuminousIDUITests.swift */,
				A427FB6B1E34089000011350 /* Info.plist */,
			);
			path = LuminousIDUITests;
			sourceTree = "<group>";
		};
		D88DE940E6806A616A011B35 /* Frameworks */ = {
			isa = PBXGroup;
			children = (
				4B22DE81D532830EE0DC6C52 /* Pods_LuminousID.framework */,
				C5A44B9D3CFAD03AF9E02B66 /* Pods_LuminousIDTests.framework */,
				7664974A8EB952D828C2AC51 /* Pods_LuminousIDUITests.framework */,
			);
			name = Frameworks;
			sourceTree = "<group>";
		};
/* End PBXGroup section */

/* Begin PBXNativeTarget section */
		A427FB451E34089000011350 /* LuminousID */ = {
			isa = PBXNativeTarget;
			buildConfigurationList = A427FB6E1E34089000011350 /* Build configuration list for PBXNativeTarget "LuminousID" */;
			buildPhases = (
				40B668B44C31955C8B0AB397 /* [CP] Check Pods Manifest.lock */,
				A427FB421E34089000011350 /* Sources */,
				A427FB431E34089000011350 /* Frameworks */,
				A427FB441E34089000011350 /* Resources */,
				0CF394A9EE8035A5C4F799FC /* [CP] Embed Pods Frameworks */,
				A71C852EE3099F6347DC8290 /* [CP] Copy Pods Resources */,
			);
			buildRules = (
			);
			dependencies = (
			);
			name = LuminousID;
			productName = LuminousID;
			productReference = A427FB461E34089000011350 /* LuminousID.app */;
			productType = "com.apple.product-type.application";
		};
		A427FB591E34089000011350 /* LuminousIDTests */ = {
			isa = PBXNativeTarget;
			buildConfigurationList = A427FB711E34089000011350 /* Build configuration list for PBXNativeTarget "LuminousIDTests" */;
			buildPhases = (
				37DE6736D338F70CA5FA1834 /* [CP] Check Pods Manifest.lock */,
				A427FB561E34089000011350 /* Sources */,
				A427FB571E34089000011350 /* Frameworks */,
				A427FB581E34089000011350 /* Resources */,
				CE342ADDF565E98F3025F4F7 /* [CP] Embed Pods Frameworks */,
				1DA19876E9600758DD8BAB64 /* [CP] Copy Pods Resources */,
			);
			buildRules = (
			);
			dependencies = (
				A427FB5C1E34089000011350 /* PBXTargetDependency */,
			);
			name = LuminousIDTests;
			productName = LuminousIDTests;
			productReference = A427FB5A1E34089000011350 /* LuminousIDTests.xctest */;
			productType = "com.apple.product-type.bundle.unit-test";
		};
		A427FB641E34089000011350 /* LuminousIDUITests */ = {
			isa = PBXNativeTarget;
			buildConfigurationList = A427FB741E34089000011350 /* Build configuration list for PBXNativeTarget "LuminousIDUITests" */;
			buildPhases = (
				96543507078D8E5E9FC89A82 /* [CP] Check Pods Manifest.lock */,
				A427FB611E34089000011350 /* Sources */,
				A427FB621E34089000011350 /* Frameworks */,
				A427FB631E34089000011350 /* Resources */,
				97A319D2AC338AEE496DF2B9 /* [CP] Embed Pods Frameworks */,
				153ACC565A97E8DF7F9125CC /* [CP] Copy Pods Resources */,
			);
			buildRules = (
			);
			dependencies = (
				A427FB671E34089000011350 /* PBXTargetDependency */,
			);
			name = LuminousIDUITests;
			productName = LuminousIDUITests;
			productReference = A427FB651E34089000011350 /* LuminousIDUITests.xctest */;
			productType = "com.apple.product-type.bundle.ui-testing";
		};
/* End PBXNativeTarget section */

/* Begin PBXProject section */
		A427FB3E1E34089000011350 /* Project object */ = {
			isa = PBXProject;
			attributes = {
				LastSwiftUpdateCheck = 0820;
				LastUpgradeCheck = 0820;
				ORGANIZATIONNAME = "Garden Club";
				TargetAttributes = {
					A427FB451E34089000011350 = {
						CreatedOnToolsVersion = 8.2.1;
						ProvisioningStyle = Automatic;
					};
					A427FB591E34089000011350 = {
						CreatedOnToolsVersion = 8.2.1;
						ProvisioningStyle = Automatic;
						TestTargetID = A427FB451E34089000011350;
					};
					A427FB641E34089000011350 = {
						CreatedOnToolsVersion = 8.2.1;
						ProvisioningStyle = Automatic;
						TestTargetID = A427FB451E34089000011350;
					};
				};
			};
			buildConfigurationList = A427FB411E34089000011350 /* Build configuration list for PBXProject "LuminousID" */;
			compatibilityVersion = "Xcode 3.2";
			developmentRegion = English;
			hasScannedForEncodings = 0;
			knownRegions = (
				en,
				Base,
			);
			mainGroup = A427FB3D1E34089000011350;
			productRefGroup = A427FB471E34089000011350 /* Products */;
			projectDirPath = "";
			projectRoot = "";
			targets = (
				A427FB451E34089000011350 /* LuminousID */,
				A427FB591E34089000011350 /* LuminousIDTests */,
				A427FB641E34089000011350 /* LuminousIDUITests */,
			);
		};
/* End PBXProject section */

/* Begin PBXResourcesBuildPhase section */
		A427FB441E34089000011350 /* Resources */ = {
			isa = PBXResourcesBuildPhase;
			buildActionMask = 2147483647;
			files = (
				A427FB541E34089000011350 /* LaunchScreen.storyboard in Resources */,
				A4B2DF451E60F4B9002F14D5 /* GoogleService-Info.plist in Resources */,
				A427FB511E34089000011350 /* Assets.xcassets in Resources */,
				A427FB4F1E34089000011350 /* Main.storyboard in Resources */,
			);
			runOnlyForDeploymentPostprocessing = 0;
		};
		A427FB581E34089000011350 /* Resources */ = {
			isa = PBXResourcesBuildPhase;
			buildActionMask = 2147483647;
			files = (
			);
			runOnlyForDeploymentPostprocessing = 0;
		};
		A427FB631E34089000011350 /* Resources */ = {
			isa = PBXResourcesBuildPhase;
			buildActionMask = 2147483647;
			files = (
			);
			runOnlyForDeploymentPostprocessing = 0;
		};
/* End PBXResourcesBuildPhase section */

/* Begin PBXShellScriptBuildPhase section */
		0CF394A9EE8035A5C4F799FC /* [CP] Embed Pods Frameworks */ = {
			isa = PBXShellScriptBuildPhase;
			buildActionMask = 2147483647;
			files = (
			);
			inputPaths = (
			);
			name = "[CP] Embed Pods Frameworks";
			outputPaths = (
			);
			runOnlyForDeploymentPostprocessing = 0;
			shellPath = /bin/sh;
			shellScript = "\"${SRCROOT}/Pods/Target Support Files/Pods-LuminousID/Pods-LuminousID-frameworks.sh\"\n";
			showEnvVarsInLog = 0;
		};
		153ACC565A97E8DF7F9125CC /* [CP] Copy Pods Resources */ = {
			isa = PBXShellScriptBuildPhase;
			buildActionMask = 2147483647;
			files = (
			);
			inputPaths = (
			);
			name = "[CP] Copy Pods Resources";
			outputPaths = (
			);
			runOnlyForDeploymentPostprocessing = 0;
			shellPath = /bin/sh;
			shellScript = "\"${SRCROOT}/Pods/Target Support Files/Pods-LuminousIDUITests/Pods-LuminousIDUITests-resources.sh\"\n";
			showEnvVarsInLog = 0;
		};
		1DA19876E9600758DD8BAB64 /* [CP] Copy Pods Resources */ = {
			isa = PBXShellScriptBuildPhase;
			buildActionMask = 2147483647;
			files = (
			);
			inputPaths = (
			);
			name = "[CP] Copy Pods Resources";
			outputPaths = (
			);
			runOnlyForDeploymentPostprocessing = 0;
			shellPath = /bin/sh;
			shellScript = "\"${SRCROOT}/Pods/Target Support Files/Pods-LuminousIDTests/Pods-LuminousIDTests-resources.sh\"\n";
			showEnvVarsInLog = 0;
		};
		37DE6736D338F70CA5FA1834 /* [CP] Check Pods Manifest.lock */ = {
			isa = PBXShellScriptBuildPhase;
			buildActionMask = 2147483647;
			files = (
			);
			inputPaths = (
			);
			name = "[CP] Check Pods Manifest.lock";
			outputPaths = (
			);
			runOnlyForDeploymentPostprocessing = 0;
			shellPath = /bin/sh;
			shellScript = "diff \"${PODS_ROOT}/../Podfile.lock\" \"${PODS_ROOT}/Manifest.lock\" > /dev/null\nif [ $? != 0 ] ; then\n    # print error to STDERR\n    echo \"error: The sandbox is not in sync with the Podfile.lock. Run 'pod install' or update your CocoaPods installation.\" >&2\n    exit 1\nfi\n";
			showEnvVarsInLog = 0;
		};
		40B668B44C31955C8B0AB397 /* [CP] Check Pods Manifest.lock */ = {
			isa = PBXShellScriptBuildPhase;
			buildActionMask = 2147483647;
			files = (
			);
			inputPaths = (
			);
			name = "[CP] Check Pods Manifest.lock";
			outputPaths = (
			);
			runOnlyForDeploymentPostprocessing = 0;
			shellPath = /bin/sh;
			shellScript = "diff \"${PODS_ROOT}/../Podfile.lock\" \"${PODS_ROOT}/Manifest.lock\" > /dev/null\nif [ $? != 0 ] ; then\n    # print error to STDERR\n    echo \"error: The sandbox is not in sync with the Podfile.lock. Run 'pod install' or update your CocoaPods installation.\" >&2\n    exit 1\nfi\n";
			showEnvVarsInLog = 0;
		};
		96543507078D8E5E9FC89A82 /* [CP] Check Pods Manifest.lock */ = {
			isa = PBXShellScriptBuildPhase;
			buildActionMask = 2147483647;
			files = (
			);
			inputPaths = (
			);
			name = "[CP] Check Pods Manifest.lock";
			outputPaths = (
			);
			runOnlyForDeploymentPostprocessing = 0;
			shellPath = /bin/sh;
			shellScript = "diff \"${PODS_ROOT}/../Podfile.lock\" \"${PODS_ROOT}/Manifest.lock\" > /dev/null\nif [ $? != 0 ] ; then\n    # print error to STDERR\n    echo \"error: The sandbox is not in sync with the Podfile.lock. Run 'pod install' or update your CocoaPods installation.\" >&2\n    exit 1\nfi\n";
			showEnvVarsInLog = 0;
		};
		97A319D2AC338AEE496DF2B9 /* [CP] Embed Pods Frameworks */ = {
			isa = PBXShellScriptBuildPhase;
			buildActionMask = 2147483647;
			files = (
			);
			inputPaths = (
			);
			name = "[CP] Embed Pods Frameworks";
			outputPaths = (
			);
			runOnlyForDeploymentPostprocessing = 0;
			shellPath = /bin/sh;
			shellScript = "\"${SRCROOT}/Pods/Target Support Files/Pods-LuminousIDUITests/Pods-LuminousIDUITests-frameworks.sh\"\n";
			showEnvVarsInLog = 0;
		};
		A71C852EE3099F6347DC8290 /* [CP] Copy Pods Resources */ = {
			isa = PBXShellScriptBuildPhase;
			buildActionMask = 2147483647;
			files = (
			);
			inputPaths = (
			);
			name = "[CP] Copy Pods Resources";
			outputPaths = (
			);
			runOnlyForDeploymentPostprocessing = 0;
			shellPath = /bin/sh;
			shellScript = "\"${SRCROOT}/Pods/Target Support Files/Pods-LuminousID/Pods-LuminousID-resources.sh\"\n";
			showEnvVarsInLog = 0;
		};
		CE342ADDF565E98F3025F4F7 /* [CP] Embed Pods Frameworks */ = {
			isa = PBXShellScriptBuildPhase;
			buildActionMask = 2147483647;
			files = (
			);
			inputPaths = (
			);
			name = "[CP] Embed Pods Frameworks";
			outputPaths = (
			);
			runOnlyForDeploymentPostprocessing = 0;
			shellPath = /bin/sh;
			shellScript = "\"${SRCROOT}/Pods/Target Support Files/Pods-LuminousIDTests/Pods-LuminousIDTests-frameworks.sh\"\n";
			showEnvVarsInLog = 0;
		};
/* End PBXShellScriptBuildPhase section */

/* Begin PBXSourcesBuildPhase section */
		A427FB421E34089000011350 /* Sources */ = {
			isa = PBXSourcesBuildPhase;
			buildActionMask = 2147483647;
			files = (
				A49CAD131E64F358006CC4DE /* JuncaceaeViewController.swift in Sources */,
				A49CAD0F1E64EABE006CC4DE /* GraminoidsViewController.swift in Sources */,
				A4E745161E6504F30051058B /* CyperaceaeViewController.swift in Sources */,
				A4C3C1FA1E610CFE003FC85A /* LogInViewController.swift in Sources */,
				A49CAD0D1E64B7AC006CC4DE /* ForbsTableViewController.swift in Sources */,
				A407C84D1E626069001CA327 /* MainMenuViewController.swift in Sources */,
				A427FB4C1E34089000011350 /* ViewController.swift in Sources */,
				A49CAD151E6501AF006CC4DE /* PoaceaeViewController.swift in Sources */,
				A427FB4A1E34089000011350 /* AppDelegate.swift in Sources */,
				A45861CA1E61077800DAE2FC /* CreateUserViewController.swift in Sources */,
			);
			runOnlyForDeploymentPostprocessing = 0;
		};
		A427FB561E34089000011350 /* Sources */ = {
			isa = PBXSourcesBuildPhase;
			buildActionMask = 2147483647;
			files = (
				A427FB5F1E34089000011350 /* LuminousIDTests.swift in Sources */,
			);
			runOnlyForDeploymentPostprocessing = 0;
		};
		A427FB611E34089000011350 /* Sources */ = {
			isa = PBXSourcesBuildPhase;
			buildActionMask = 2147483647;
			files = (
				A427FB6A1E34089000011350 /* LuminousIDUITests.swift in Sources */,
			);
			runOnlyForDeploymentPostprocessing = 0;
		};
/* End PBXSourcesBuildPhase section */

/* Begin PBXTargetDependency section */
		A427FB5C1E34089000011350 /* PBXTargetDependency */ = {
			isa = PBXTargetDependency;
			target = A427FB451E34089000011350 /* LuminousID */;
			targetProxy = A427FB5B1E34089000011350 /* PBXContainerItemProxy */;
		};
		A427FB671E34089000011350 /* PBXTargetDependency */ = {
			isa = PBXTargetDependency;
			target = A427FB451E34089000011350 /* LuminousID */;
			targetProxy = A427FB661E34089000011350 /* PBXContainerItemProxy */;
		};
/* End PBXTargetDependency section */

/* Begin PBXVariantGroup section */
		A427FB4D1E34089000011350 /* Main.storyboard */ = {
			isa = PBXVariantGroup;
			children = (
				A427FB4E1E34089000011350 /* Base */,
			);
			name = Main.storyboard;
			sourceTree = "<group>";
		};
		A427FB521E34089000011350 /* LaunchScreen.storyboard */ = {
			isa = PBXVariantGroup;
			children = (
				A427FB531E34089000011350 /* Base */,
			);
			name = LaunchScreen.storyboard;
			sourceTree = "<group>";
		};
/* End PBXVariantGroup section */

/* Begin XCBuildConfiguration section */
		A427FB6C1E34089000011350 /* Debug */ = {
			isa = XCBuildConfiguration;
			buildSettings = {
				ALWAYS_SEARCH_USER_PATHS = NO;
				CLANG_ANALYZER_NONNULL = YES;
				CLANG_CXX_LANGUAGE_STANDARD = "gnu++0x";
				CLANG_CXX_LIBRARY = "libc++";
				CLANG_ENABLE_MODULES = YES;
				CLANG_ENABLE_OBJC_ARC = YES;
				CLANG_WARN_BOOL_CONVERSION = YES;
				CLANG_WARN_CONSTANT_CONVERSION = YES;
				CLANG_WARN_DIRECT_OBJC_ISA_USAGE = YES_ERROR;
				CLANG_WARN_DOCUMENTATION_COMMENTS = YES;
				CLANG_WARN_EMPTY_BODY = YES;
				CLANG_WARN_ENUM_CONVERSION = YES;
				CLANG_WARN_INFINITE_RECURSION = YES;
				CLANG_WARN_INT_CONVERSION = YES;
				CLANG_WARN_OBJC_ROOT_CLASS = YES_ERROR;
				CLANG_WARN_SUSPICIOUS_MOVE = YES;
				CLANG_WARN_UNREACHABLE_CODE = YES;
				CLANG_WARN__DUPLICATE_METHOD_MATCH = YES;
				"CODE_SIGN_IDENTITY[sdk=iphoneos*]" = "iPhone Developer";
				COPY_PHASE_STRIP = NO;
				DEBUG_INFORMATION_FORMAT = dwarf;
				ENABLE_STRICT_OBJC_MSGSEND = YES;
				ENABLE_TESTABILITY = YES;
				GCC_C_LANGUAGE_STANDARD = gnu99;
				GCC_DYNAMIC_NO_PIC = NO;
				GCC_NO_COMMON_BLOCKS = YES;
				GCC_OPTIMIZATION_LEVEL = 0;
				GCC_PREPROCESSOR_DEFINITIONS = (
					"DEBUG=1",
					"$(inherited)",
				);
				GCC_WARN_64_TO_32_BIT_CONVERSION = YES;
				GCC_WARN_ABOUT_RETURN_TYPE = YES_ERROR;
				GCC_WARN_UNDECLARED_SELECTOR = YES;
				GCC_WARN_UNINITIALIZED_AUTOS = YES_AGGRESSIVE;
				GCC_WARN_UNUSED_FUNCTION = YES;
				GCC_WARN_UNUSED_VARIABLE = YES;
				IPHONEOS_DEPLOYMENT_TARGET = 10.2;
				MTL_ENABLE_DEBUG_INFO = YES;
				ONLY_ACTIVE_ARCH = YES;
				SDKROOT = iphoneos;
				SWIFT_ACTIVE_COMPILATION_CONDITIONS = DEBUG;
				SWIFT_OPTIMIZATION_LEVEL = "-Onone";
			};
			name = Debug;
		};
		A427FB6D1E34089000011350 /* Release */ = {
			isa = XCBuildConfiguration;
			buildSettings = {
				ALWAYS_SEARCH_USER_PATHS = NO;
				CLANG_ANALYZER_NONNULL = YES;
				CLANG_CXX_LANGUAGE_STANDARD = "gnu++0x";
				CLANG_CXX_LIBRARY = "libc++";
				CLANG_ENABLE_MODULES = YES;
				CLANG_ENABLE_OBJC_ARC = YES;
				CLANG_WARN_BOOL_CONVERSION = YES;
				CLANG_WARN_CONSTANT_CONVERSION = YES;
				CLANG_WARN_DIRECT_OBJC_ISA_USAGE = YES_ERROR;
				CLANG_WARN_DOCUMENTATION_COMMENTS = YES;
				CLANG_WARN_EMPTY_BODY = YES;
				CLANG_WARN_ENUM_CONVERSION = YES;
				CLANG_WARN_INFINITE_RECURSION = YES;
				CLANG_WARN_INT_CONVERSION = YES;
				CLANG_WARN_OBJC_ROOT_CLASS = YES_ERROR;
				CLANG_WARN_SUSPICIOUS_MOVE = YES;
				CLANG_WARN_UNREACHABLE_CODE = YES;
				CLANG_WARN__DUPLICATE_METHOD_MATCH = YES;
				"CODE_SIGN_IDENTITY[sdk=iphoneos*]" = "iPhone Developer";
				COPY_PHASE_STRIP = NO;
				DEBUG_INFORMATION_FORMAT = "dwarf-with-dsym";
				ENABLE_NS_ASSERTIONS = NO;
				ENABLE_STRICT_OBJC_MSGSEND = YES;
				GCC_C_LANGUAGE_STANDARD = gnu99;
				GCC_NO_COMMON_BLOCKS = YES;
				GCC_WARN_64_TO_32_BIT_CONVERSION = YES;
				GCC_WARN_ABOUT_RETURN_TYPE = YES_ERROR;
				GCC_WARN_UNDECLARED_SELECTOR = YES;
				GCC_WARN_UNINITIALIZED_AUTOS = YES_AGGRESSIVE;
				GCC_WARN_UNUSED_FUNCTION = YES;
				GCC_WARN_UNUSED_VARIABLE = YES;
				IPHONEOS_DEPLOYMENT_TARGET = 10.2;
				MTL_ENABLE_DEBUG_INFO = NO;
				SDKROOT = iphoneos;
				SWIFT_OPTIMIZATION_LEVEL = "-Owholemodule";
				VALIDATE_PRODUCT = YES;
			};
			name = Release;
		};
		A427FB6F1E34089000011350 /* Debug */ = {
			isa = XCBuildConfiguration;
			baseConfigurationReference = B92C76FA9419BD828960B4F3 /* Pods-LuminousID.debug.xcconfig */;
			buildSettings = {
				ASSETCATALOG_COMPILER_APPICON_NAME = AppIcon;
				INFOPLIST_FILE = LuminousID/Info.plist;
				LD_RUNPATH_SEARCH_PATHS = "$(inherited) @executable_path/Frameworks";
				PRODUCT_BUNDLE_IDENTIFIER = "Garden-Club.LuminousID";
				PRODUCT_NAME = "$(TARGET_NAME)";
				SWIFT_VERSION = 3.0;
			};
			name = Debug;
		};
		A427FB701E34089000011350 /* Release */ = {
			isa = XCBuildConfiguration;
			baseConfigurationReference = 0CF5977283A11F0BB40F9564 /* Pods-LuminousID.release.xcconfig */;
			buildSettings = {
				ASSETCATALOG_COMPILER_APPICON_NAME = AppIcon;
				INFOPLIST_FILE = LuminousID/Info.plist;
				LD_RUNPATH_SEARCH_PATHS = "$(inherited) @executable_path/Frameworks";
				PRODUCT_BUNDLE_IDENTIFIER = "Garden-Club.LuminousID";
				PRODUCT_NAME = "$(TARGET_NAME)";
				SWIFT_VERSION = 3.0;
			};
			name = Release;
		};
		A427FB721E34089000011350 /* Debug */ = {
			isa = XCBuildConfiguration;
			baseConfigurationReference = D249D51B5FE838DBBCE6C76F /* Pods-LuminousIDTests.debug.xcconfig */;
			buildSettings = {
				ALWAYS_EMBED_SWIFT_STANDARD_LIBRARIES = YES;
				BUNDLE_LOADER = "$(TEST_HOST)";
				INFOPLIST_FILE = LuminousIDTests/Info.plist;
				LD_RUNPATH_SEARCH_PATHS = "$(inherited) @executable_path/Frameworks @loader_path/Frameworks";
				PRODUCT_BUNDLE_IDENTIFIER = "Garden-Club.LuminousIDTests";
				PRODUCT_NAME = "$(TARGET_NAME)";
				SWIFT_VERSION = 3.0;
				TEST_HOST = "$(BUILT_PRODUCTS_DIR)/LuminousID.app/LuminousID";
			};
			name = Debug;
		};
		A427FB731E34089000011350 /* Release */ = {
			isa = XCBuildConfiguration;
			baseConfigurationReference = FA26C3563AFD30D6ED3B8704 /* Pods-LuminousIDTests.release.xcconfig */;
			buildSettings = {
				ALWAYS_EMBED_SWIFT_STANDARD_LIBRARIES = YES;
				BUNDLE_LOADER = "$(TEST_HOST)";
				INFOPLIST_FILE = LuminousIDTests/Info.plist;
				LD_RUNPATH_SEARCH_PATHS = "$(inherited) @executable_path/Frameworks @loader_path/Frameworks";
				PRODUCT_BUNDLE_IDENTIFIER = "Garden-Club.LuminousIDTests";
				PRODUCT_NAME = "$(TARGET_NAME)";
				SWIFT_VERSION = 3.0;
				TEST_HOST = "$(BUILT_PRODUCTS_DIR)/LuminousID.app/LuminousID";
			};
			name = Release;
		};
		A427FB751E34089000011350 /* Debug */ = {
			isa = XCBuildConfiguration;
			baseConfigurationReference = 3481CF858ABF093FFB527842 /* Pods-LuminousIDUITests.debug.xcconfig */;
			buildSettings = {
				ALWAYS_EMBED_SWIFT_STANDARD_LIBRARIES = YES;
				INFOPLIST_FILE = LuminousIDUITests/Info.plist;
				LD_RUNPATH_SEARCH_PATHS = "$(inherited) @executable_path/Frameworks @loader_path/Frameworks";
				PRODUCT_BUNDLE_IDENTIFIER = "Garden-Club.LuminousIDUITests";
				PRODUCT_NAME = "$(TARGET_NAME)";
				SWIFT_VERSION = 3.0;
				TEST_TARGET_NAME = LuminousID;
			};
			name = Debug;
		};
		A427FB761E34089000011350 /* Release */ = {
			isa = XCBuildConfiguration;
			baseConfigurationReference = A0DAA00A9A5517336F67B021 /* Pods-LuminousIDUITests.release.xcconfig */;
			buildSettings = {
				ALWAYS_EMBED_SWIFT_STANDARD_LIBRARIES = YES;
				INFOPLIST_FILE = LuminousIDUITests/Info.plist;
				LD_RUNPATH_SEARCH_PATHS = "$(inherited) @executable_path/Frameworks @loader_path/Frameworks";
				PRODUCT_BUNDLE_IDENTIFIER = "Garden-Club.LuminousIDUITests";
				PRODUCT_NAME = "$(TARGET_NAME)";
				SWIFT_VERSION = 3.0;
				TEST_TARGET_NAME = LuminousID;
			};
			name = Release;
		};
/* End XCBuildConfiguration section */

/* Begin XCConfigurationList section */
		A427FB411E34089000011350 /* Build configuration list for PBXProject "LuminousID" */ = {
			isa = XCConfigurationList;
			buildConfigurations = (
				A427FB6C1E34089000011350 /* Debug */,
				A427FB6D1E34089000011350 /* Release */,
			);
			defaultConfigurationIsVisible = 0;
			defaultConfigurationName = Release;
		};
		A427FB6E1E34089000011350 /* Build configuration list for PBXNativeTarget "LuminousID" */ = {
			isa = XCConfigurationList;
			buildConfigurations = (
				A427FB6F1E34089000011350 /* Debug */,
				A427FB701E34089000011350 /* Release */,
			);
			defaultConfigurationIsVisible = 0;
			defaultConfigurationName = Release;
		};
		A427FB711E34089000011350 /* Build configuration list for PBXNativeTarget "LuminousIDTests" */ = {
			isa = XCConfigurationList;
			buildConfigurations = (
				A427FB721E34089000011350 /* Debug */,
				A427FB731E34089000011350 /* Release */,
			);
			defaultConfigurationIsVisible = 0;
			defaultConfigurationName = Release;
		};
		A427FB741E34089000011350 /* Build configuration list for PBXNativeTarget "LuminousIDUITests" */ = {
			isa = XCConfigurationList;
			buildConfigurations = (
				A427FB751E34089000011350 /* Debug */,
				A427FB761E34089000011350 /* Release */,
			);
			defaultConfigurationIsVisible = 0;
			defaultConfigurationName = Release;
		};
/* End XCConfigurationList section */
	};
	rootObject = A427FB3E1E34089000011350 /* Project object */;
}
